// !$*UTF8*$!
{
	archiveVersion = 1;
	classes = {
	};
	objectVersion = 56;
	objects = {

/* Begin PBXBuildFile section */
		10BD95F02C46E908002CD2FA /* questionAppApp.swift in Sources */ = {isa = PBXBuildFile; fileRef = 10BD95EF2C46E908002CD2FA /* questionAppApp.swift */; };
		10BD95F22C46E908002CD2FA /* ContentView.swift in Sources */ = {isa = PBXBuildFile; fileRef = 10BD95F12C46E908002CD2FA /* ContentView.swift */; };
		10BD95F42C46E90C002CD2FA /* Assets.xcassets in Resources */ = {isa = PBXBuildFile; fileRef = 10BD95F32C46E90C002CD2FA /* Assets.xcassets */; };
		10BD95F72C46E90C002CD2FA /* Preview Assets.xcassets in Resources */ = {isa = PBXBuildFile; fileRef = 10BD95F62C46E90C002CD2FA /* Preview Assets.xcassets */; };
		10BD96012C46E90D002CD2FA /* questionAppTests.swift in Sources */ = {isa = PBXBuildFile; fileRef = 10BD96002C46E90D002CD2FA /* questionAppTests.swift */; };
		10BD960B2C46E90D002CD2FA /* questionAppUITests.swift in Sources */ = {isa = PBXBuildFile; fileRef = 10BD960A2C46E90D002CD2FA /* questionAppUITests.swift */; };
		10BD960D2C46E90D002CD2FA /* questionAppUITestsLaunchTests.swift in Sources */ = {isa = PBXBuildFile; fileRef = 10BD960C2C46E90D002CD2FA /* questionAppUITestsLaunchTests.swift */; };
		10BD961A2C46E931002CD2FA /* secondView.swift in Sources */ = {isa = PBXBuildFile; fileRef = 10BD96192C46E931002CD2FA /* secondView.swift */; };
		10BD961C2C46EF8A002CD2FA /* thirdView.swift in Sources */ = {isa = PBXBuildFile; fileRef = 10BD961B2C46EF8A002CD2FA /* thirdView.swift */; };
/* End PBXBuildFile section */

/* Begin PBXContainerItemProxy section */
		10BD95FD2C46E90D002CD2FA /* PBXContainerItemProxy */ = {
			isa = PBXContainerItemProxy;
			containerPortal = 10BD95E42C46E908002CD2FA /* Project object */;
			proxyType = 1;
			remoteGlobalIDString = 10BD95EB2C46E908002CD2FA;
			remoteInfo = questionApp;
		};
		10BD96072C46E90D002CD2FA /* PBXContainerItemProxy */ = {
			isa = PBXContainerItemProxy;
			containerPortal = 10BD95E42C46E908002CD2FA /* Project object */;
			proxyType = 1;
			remoteGlobalIDString = 10BD95EB2C46E908002CD2FA;
			remoteInfo = questionApp;
		};
/* End PBXContainerItemProxy section */

/* Begin PBXFileReference section */
		10BD95EC2C46E908002CD2FA /* questionApp.app */ = {isa = PBXFileReference; explicitFileType = wrapper.application; includeInIndex = 0; path = questionApp.app; sourceTree = BUILT_PRODUCTS_DIR; };
		10BD95EF2C46E908002CD2FA /* questionAppApp.swift */ = {isa = PBXFileReference; lastKnownFileType = sourcecode.swift; path = questionAppApp.swift; sourceTree = "<group>"; };
		10BD95F12C46E908002CD2FA /* ContentView.swift */ = {isa = PBXFileReference; lastKnownFileType = sourcecode.swift; path = ContentView.swift; sourceTree = "<group>"; };
		10BD95F32C46E90C002CD2FA /* Assets.xcassets */ = {isa = PBXFileReference; lastKnownFileType = folder.assetcatalog; path = Assets.xcassets; sourceTree = "<group>"; };
		10BD95F62C46E90C002CD2FA /* Preview Assets.xcassets */ = {isa = PBXFileReference; lastKnownFileType = folder.assetcatalog; path = "Preview Assets.xcassets"; sourceTree = "<group>"; };
		10BD95FC2C46E90D002CD2FA /* questionAppTests.xctest */ = {isa = PBXFileReference; explicitFileType = wrapper.cfbundle; includeInIndex = 0; path = questionAppTests.xctest; sourceTree = BUILT_PRODUCTS_DIR; };
		10BD96002C46E90D002CD2FA /* questionAppTests.swift */ = {isa = PBXFileReference; lastKnownFileType = sourcecode.swift; path = questionAppTests.swift; sourceTree = "<group>"; };
		10BD96062C46E90D002CD2FA /* questionAppUITests.xctest */ = {isa = PBXFileReference; explicitFileType = wrapper.cfbundle; includeInIndex = 0; path = questionAppUITests.xctest; sourceTree = BUILT_PRODUCTS_DIR; };
		10BD960A2C46E90D002CD2FA /* questionAppUITests.swift */ = {isa = PBXFileReference; lastKnownFileType = sourcecode.swift; path = questionAppUITests.swift; sourceTree = "<group>"; };
		10BD960C2C46E90D002CD2FA /* questionAppUITestsLaunchTests.swift */ = {isa = PBXFileReference; lastKnownFileType = sourcecode.swift; path = questionAppUITestsLaunchTests.swift; sourceTree = "<group>"; };
		10BD96192C46E931002CD2FA /* secondView.swift */ = {isa = PBXFileReference; lastKnownFileType = sourcecode.swift; path = secondView.swift; sourceTree = "<group>"; };
		10BD961B2C46EF8A002CD2FA /* thirdView.swift */ = {isa = PBXFileReference; lastKnownFileType = sourcecode.swift; path = thirdView.swift; sourceTree = "<group>"; };
/* End PBXFileReference section */

/* Begin PBXFrameworksBuildPhase section */
		10BD95E92C46E908002CD2FA /* Frameworks */ = {
			isa = PBXFrameworksBuildPhase;
			buildActionMask = 2147483647;
			files = (
			);
			runOnlyForDeploymentPostprocessing = 0;
		};
		10BD95F92C46E90D002CD2FA /* Frameworks */ = {
			isa = PBXFrameworksBuildPhase;
			buildActionMask = 2147483647;
			files = (
			);
			runOnlyForDeploymentPostprocessing = 0;
		};
		10BD96032C46E90D002CD2FA /* Frameworks */ = {
			isa = PBXFrameworksBuildPhase;
			buildActionMask = 2147483647;
			files = (
			);
			runOnlyForDeploymentPostprocessing = 0;
		};
/* End PBXFrameworksBuildPhase section */

/* Begin PBXGroup section */
		10BD95E32C46E908002CD2FA = {
			isa = PBXGroup;
			children = (
				10BD95EE2C46E908002CD2FA /* questionApp */,
				10BD95FF2C46E90D002CD2FA /* questionAppTests */,
				10BD96092C46E90D002CD2FA /* questionAppUITests */,
				10BD95ED2C46E908002CD2FA /* Products */,
			);
			sourceTree = "<group>";
		};
		10BD95ED2C46E908002CD2FA /* Products */ = {
			isa = PBXGroup;
			children = (
				10BD95EC2C46E908002CD2FA /* questionApp.app */,
				10BD95FC2C46E90D002CD2FA /* questionAppTests.xctest */,
				10BD96062C46E90D002CD2FA /* questionAppUITests.xctest */,
			);
			name = Products;
			sourceTree = "<group>";
		};
		10BD95EE2C46E908002CD2FA /* questionApp */ = {
			isa = PBXGroup;
			children = (
				10BD95EF2C46E908002CD2FA /* questionAppApp.swift */,
				10BD95F12C46E908002CD2FA /* ContentView.swift */,
				10BD961B2C46EF8A002CD2FA /* thirdView.swift */,
				10BD96192C46E931002CD2FA /* secondView.swift */,
				10BD95F32C46E90C002CD2FA /* Assets.xcassets */,
				10BD95F52C46E90C002CD2FA /* Preview Content */,
			);
			path = questionApp;
			sourceTree = "<group>";
		};
		10BD95F52C46E90C002CD2FA /* Preview Content */ = {
			isa = PBXGroup;
			children = (
				10BD95F62C46E90C002CD2FA /* Preview Assets.xcassets */,
			);
			path = "Preview Content";
			sourceTree = "<group>";
		};
		10BD95FF2C46E90D002CD2FA /* questionAppTests */ = {
			isa = PBXGroup;
			children = (
				10BD96002C46E90D002CD2FA /* questionAppTests.swift */,
			);
			path = questionAppTests;
			sourceTree = "<group>";
		};
		10BD96092C46E90D002CD2FA /* questionAppUITests */ = {
			isa = PBXGroup;
			children = (
				10BD960A2C46E90D002CD2FA /* questionAppUITests.swift */,
				10BD960C2C46E90D002CD2FA /* questionAppUITestsLaunchTests.swift */,
			);
			path = questionAppUITests;
			sourceTree = "<group>";
		};
/* End PBXGroup section */

/* Begin PBXNativeTarget section */
		10BD95EB2C46E908002CD2FA /* questionApp */ = {
			isa = PBXNativeTarget;
			buildConfigurationList = 10BD96102C46E90D002CD2FA /* Build configuration list for PBXNativeTarget "questionApp" */;
			buildPhases = (
				10BD95E82C46E908002CD2FA /* Sources */,
				10BD95E92C46E908002CD2FA /* Frameworks */,
				10BD95EA2C46E908002CD2FA /* Resources */,
			);
			buildRules = (
			);
			dependencies = (
			);
			name = questionApp;
			productName = questionApp;
			productReference = 10BD95EC2C46E908002CD2FA /* questionApp.app */;
			productType = "com.apple.product-type.application";
		};
		10BD95FB2C46E90D002CD2FA /* questionAppTests */ = {
			isa = PBXNativeTarget;
			buildConfigurationList = 10BD96132C46E90D002CD2FA /* Build configuration list for PBXNativeTarget "questionAppTests" */;
			buildPhases = (
				10BD95F82C46E90D002CD2FA /* Sources */,
				10BD95F92C46E90D002CD2FA /* Frameworks */,
				10BD95FA2C46E90D002CD2FA /* Resources */,
			);
			buildRules = (
			);
			dependencies = (
				10BD95FE2C46E90D002CD2FA /* PBXTargetDependency */,
			);
			name = questionAppTests;
			productName = questionAppTests;
			productReference = 10BD95FC2C46E90D002CD2FA /* questionAppTests.xctest */;
			productType = "com.apple.product-type.bundle.unit-test";
		};
		10BD96052C46E90D002CD2FA /* questionAppUITests */ = {
			isa = PBXNativeTarget;
			buildConfigurationList = 10BD96162C46E90D002CD2FA /* Build configuration list for PBXNativeTarget "questionAppUITests" */;
			buildPhases = (
				10BD96022C46E90D002CD2FA /* Sources */,
				10BD96032C46E90D002CD2FA /* Frameworks */,
				10BD96042C46E90D002CD2FA /* Resources */,
			);
			buildRules = (
			);
			dependencies = (
				10BD96082C46E90D002CD2FA /* PBXTargetDependency */,
			);
			name = questionAppUITests;
			productName = questionAppUITests;
			productReference = 10BD96062C46E90D002CD2FA /* questionAppUITests.xctest */;
			productType = "com.apple.product-type.bundle.ui-testing";
		};
/* End PBXNativeTarget section */

/* Begin PBXProject section */
		10BD95E42C46E908002CD2FA /* Project object */ = {
			isa = PBXProject;
			attributes = {
				BuildIndependentTargetsInParallel = 1;
				LastSwiftUpdateCheck = 1540;
				LastUpgradeCheck = 1540;
				TargetAttributes = {
					10BD95EB2C46E908002CD2FA = {
						CreatedOnToolsVersion = 15.4;
					};
					10BD95FB2C46E90D002CD2FA = {
						CreatedOnToolsVersion = 15.4;
						TestTargetID = 10BD95EB2C46E908002CD2FA;
					};
					10BD96052C46E90D002CD2FA = {
						CreatedOnToolsVersion = 15.4;
						TestTargetID = 10BD95EB2C46E908002CD2FA;
					};
				};
			};
			buildConfigurationList = 10BD95E72C46E908002CD2FA /* Build configuration list for PBXProject "questionApp" */;
			compatibilityVersion = "Xcode 14.0";
			developmentRegion = en;
			hasScannedForEncodings = 0;
			knownRegions = (
				en,
				Base,
			);
			mainGroup = 10BD95E32C46E908002CD2FA;
			productRefGroup = 10BD95ED2C46E908002CD2FA /* Products */;
			projectDirPath = "";
			projectRoot = "";
			targets = (
				10BD95EB2C46E908002CD2FA /* questionApp */,
				10BD95FB2C46E90D002CD2FA /* questionAppTests */,
				10BD96052C46E90D002CD2FA /* questionAppUITests */,
			);
		};
/* End PBXProject section */

/* Begin PBXResourcesBuildPhase section */
		10BD95EA2C46E908002CD2FA /* Resources */ = {
			isa = PBXResourcesBuildPhase;
			buildActionMask = 2147483647;
			files = (
				10BD95F72C46E90C002CD2FA /* Preview Assets.xcassets in Resources */,
				10BD95F42C46E90C002CD2FA /* Assets.xcassets in Resources */,
			);
			runOnlyForDeploymentPostprocessing = 0;
		};
		10BD95FA2C46E90D002CD2FA /* Resources */ = {
			isa = PBXResourcesBuildPhase;
			buildActionMask = 2147483647;
			files = (
			);
			runOnlyForDeploymentPostprocessing = 0;
		};
		10BD96042C46E90D002CD2FA /* Resources */ = {
			isa = PBXResourcesBuildPhase;
			buildActionMask = 2147483647;
			files = (
			);
			runOnlyForDeploymentPostprocessing = 0;
		};
/* End PBXResourcesBuildPhase section */

/* Begin PBXSourcesBuildPhase section */
		10BD95E82C46E908002CD2FA /* Sources */ = {
			isa = PBXSourcesBuildPhase;
			buildActionMask = 2147483647;
			files = (
				10BD961C2C46EF8A002CD2FA /* thirdView.swift in Sources */,
				10BD95F22C46E908002CD2FA /* ContentView.swift in Sources */,
				10BD961A2C46E931002CD2FA /* secondView.swift in Sources */,
				10BD95F02C46E908002CD2FA /* questionAppApp.swift in Sources */,
			);
			runOnlyForDeploymentPostprocessing = 0;
		};
		10BD95F82C46E90D002CD2FA /* Sources */ = {
			isa = PBXSourcesBuildPhase;
			buildActionMask = 2147483647;
			files = (
				10BD96012C46E90D002CD2FA /* questionAppTests.swift in Sources */,
			);
			runOnlyForDeploymentPostprocessing = 0;
		};
		10BD96022C46E90D002CD2FA /* Sources */ = {
			isa = PBXSourcesBuildPhase;
			buildActionMask = 2147483647;
			files = (
				10BD960D2C46E90D002CD2FA /* questionAppUITestsLaunchTests.swift in Sources */,
				10BD960B2C46E90D002CD2FA /* questionAppUITests.swift in Sources */,
			);
			runOnlyForDeploymentPostprocessing = 0;
		};
/* End PBXSourcesBuildPhase section */

/* Begin PBXTargetDependency section */
		10BD95FE2C46E90D002CD2FA /* PBXTargetDependency */ = {
			isa = PBXTargetDependency;
			target = 10BD95EB2C46E908002CD2FA /* questionApp */;
			targetProxy = 10BD95FD2C46E90D002CD2FA /* PBXContainerItemProxy */;
		};
		10BD96082C46E90D002CD2FA /* PBXTargetDependency */ = {
			isa = PBXTargetDependency;
			target = 10BD95EB2C46E908002CD2FA /* questionApp */;
			targetProxy = 10BD96072C46E90D002CD2FA /* PBXContainerItemProxy */;
		};
/* End PBXTargetDependency section */

/* Begin XCBuildConfiguration section */
		10BD960E2C46E90D002CD2FA /* Debug */ = {
			isa = XCBuildConfiguration;
			buildSettings = {
				ALWAYS_SEARCH_USER_PATHS = NO;
				ASSETCATALOG_COMPILER_GENERATE_SWIFT_ASSET_SYMBOL_EXTENSIONS = YES;
				CLANG_ANALYZER_NONNULL = YES;
				CLANG_ANALYZER_NUMBER_OBJECT_CONVERSION = YES_AGGRESSIVE;
				CLANG_CXX_LANGUAGE_STANDARD = "gnu++20";
				CLANG_ENABLE_MODULES = YES;
				CLANG_ENABLE_OBJC_ARC = YES;
				CLANG_ENABLE_OBJC_WEAK = YES;
				CLANG_WARN_BLOCK_CAPTURE_AUTORELEASING = YES;
				CLANG_WARN_BOOL_CONVERSION = YES;
				CLANG_WARN_COMMA = YES;
				CLANG_WARN_CONSTANT_CONVERSION = YES;
				CLANG_WARN_DEPRECATED_OBJC_IMPLEMENTATIONS = YES;
				CLANG_WARN_DIRECT_OBJC_ISA_USAGE = YES_ERROR;
				CLANG_WARN_DOCUMENTATION_COMMENTS = YES;
				CLANG_WARN_EMPTY_BODY = YES;
				CLANG_WARN_ENUM_CONVERSION = YES;
				CLANG_WARN_INFINITE_RECURSION = YES;
				CLANG_WARN_INT_CONVERSION = YES;
				CLANG_WARN_NON_LITERAL_NULL_CONVERSION = YES;
				CLANG_WARN_OBJC_IMPLICIT_RETAIN_SELF = YES;
				CLANG_WARN_OBJC_LITERAL_CONVERSION = YES;
				CLANG_WARN_OBJC_ROOT_CLASS = YES_ERROR;
				CLANG_WARN_QUOTED_INCLUDE_IN_FRAMEWORK_HEADER = YES;
				CLANG_WARN_RANGE_LOOP_ANALYSIS = YES;
				CLANG_WARN_STRICT_PROTOTYPES = YES;
				CLANG_WARN_SUSPICIOUS_MOVE = YES;
				CLANG_WARN_UNGUARDED_AVAILABILITY = YES_AGGRESSIVE;
				CLANG_WARN_UNREACHABLE_CODE = YES;
				CLANG_WARN__DUPLICATE_METHOD_MATCH = YES;
				COPY_PHASE_STRIP = NO;
				DEBUG_INFORMATION_FORMAT = dwarf;
				ENABLE_STRICT_OBJC_MSGSEND = YES;
				ENABLE_TESTABILITY = YES;
				ENABLE_USER_SCRIPT_SANDBOXING = YES;
				GCC_C_LANGUAGE_STANDARD = gnu17;
				GCC_DYNAMIC_NO_PIC = NO;
				GCC_NO_COMMON_BLOCKS = YES;
				GCC_OPTIMIZATION_LEVEL = 0;
				GCC_PREPROCESSOR_DEFINITIONS = (
					"DEBUG=1",
					"$(inherited)",
				);
				GCC_WARN_64_TO_32_BIT_CONVERSION = YES;
				GCC_WARN_ABOUT_RETURN_TYPE = YES_ERROR;
				GCC_WARN_UNDECLARED_SELECTOR = YES;
				GCC_WARN_UNINITIALIZED_AUTOS = YES_AGGRESSIVE;
				GCC_WARN_UNUSED_FUNCTION = YES;
				GCC_WARN_UNUSED_VARIABLE = YES;
				IPHONEOS_DEPLOYMENT_TARGET = 17.5;
				LOCALIZATION_PREFERS_STRING_CATALOGS = YES;
				MTL_ENABLE_DEBUG_INFO = INCLUDE_SOURCE;
				MTL_FAST_MATH = YES;
				ONLY_ACTIVE_ARCH = YES;
				SDKROOT = iphoneos;
				SWIFT_ACTIVE_COMPILATION_CONDITIONS = "DEBUG $(inherited)";
				SWIFT_OPTIMIZATION_LEVEL = "-Onone";
			};
			name = Debug;
		};
		10BD960F2C46E90D002CD2FA /* Release */ = {
			isa = XCBuildConfiguration;
			buildSettings = {
				ALWAYS_SEARCH_USER_PATHS = NO;
				ASSETCATALOG_COMPILER_GENERATE_SWIFT_ASSET_SYMBOL_EXTENSIONS = YES;
				CLANG_ANALYZER_NONNULL = YES;
				CLANG_ANALYZER_NUMBER_OBJECT_CONVERSION = YES_AGGRESSIVE;
				CLANG_CXX_LANGUAGE_STANDARD = "gnu++20";
				CLANG_ENABLE_MODULES = YES;
				CLANG_ENABLE_OBJC_ARC = YES;
				CLANG_ENABLE_OBJC_WEAK = YES;
				CLANG_WARN_BLOCK_CAPTURE_AUTORELEASING = YES;
				CLANG_WARN_BOOL_CONVERSION = YES;
				CLANG_WARN_COMMA = YES;
				CLANG_WARN_CONSTANT_CONVERSION = YES;
				CLANG_WARN_DEPRECATED_OBJC_IMPLEMENTATIONS = YES;
				CLANG_WARN_DIRECT_OBJC_ISA_USAGE = YES_ERROR;
				CLANG_WARN_DOCUMENTATION_COMMENTS = YES;
				CLANG_WARN_EMPTY_BODY = YES;
				CLANG_WARN_ENUM_CONVERSION = YES;
				CLANG_WARN_INFINITE_RECURSION = YES;
				CLANG_WARN_INT_CONVERSION = YES;
				CLANG_WARN_NON_LITERAL_NULL_CONVERSION = YES;
				CLANG_WARN_OBJC_IMPLICIT_RETAIN_SELF = YES;
				CLANG_WARN_OBJC_LITERAL_CONVERSION = YES;
				CLANG_WARN_OBJC_ROOT_CLASS = YES_ERROR;
				CLANG_WARN_QUOTED_INCLUDE_IN_FRAMEWORK_HEADER = YES;
				CLANG_WARN_RANGE_LOOP_ANALYSIS = YES;
				CLANG_WARN_STRICT_PROTOTYPES = YES;
				CLANG_WARN_SUSPICIOUS_MOVE = YES;
				CLANG_WARN_UNGUARDED_AVAILABILITY = YES_AGGRESSIVE;
				CLANG_WARN_UNREACHABLE_CODE = YES;
				CLANG_WARN__DUPLICATE_METHOD_MATCH = YES;
				COPY_PHASE_STRIP = NO;
				DEBUG_INFORMATION_FORMAT = "dwarf-with-dsym";
				ENABLE_NS_ASSERTIONS = NO;
				ENABLE_STRICT_OBJC_MSGSEND = YES;
				ENABLE_USER_SCRIPT_SANDBOXING = YES;
				GCC_C_LANGUAGE_STANDARD = gnu17;
				GCC_NO_COMMON_BLOCKS = YES;
				GCC_WARN_64_TO_32_BIT_CONVERSION = YES;
				GCC_WARN_ABOUT_RETURN_TYPE = YES_ERROR;
				GCC_WARN_UNDECLARED_SELECTOR = YES;
				GCC_WARN_UNINITIALIZED_AUTOS = YES_AGGRESSIVE;
				GCC_WARN_UNUSED_FUNCTION = YES;
				GCC_WARN_UNUSED_VARIABLE = YES;
				IPHONEOS_DEPLOYMENT_TARGET = 17.5;
				LOCALIZATION_PREFERS_STRING_CATALOGS = YES;
				MTL_ENABLE_DEBUG_INFO = NO;
				MTL_FAST_MATH = YES;
				SDKROOT = iphoneos;
				SWIFT_COMPILATION_MODE = wholemodule;
				VALIDATE_PRODUCT = YES;
			};
			name = Release;
		};
		10BD96112C46E90D002CD2FA /* Debug */ = {
			isa = XCBuildConfiguration;
			buildSettings = {
				ASSETCATALOG_COMPILER_APPICON_NAME = AppIcon;
				ASSETCATALOG_COMPILER_GLOBAL_ACCENT_COLOR_NAME = AccentColor;
				CODE_SIGN_STYLE = Automatic;
				CURRENT_PROJECT_VERSION = 1;
				DEVELOPMENT_ASSET_PATHS = "\"questionApp/Preview Content\"";
				ENABLE_PREVIEWS = YES;
				GENERATE_INFOPLIST_FILE = YES;
				INFOPLIST_KEY_UIApplicationSceneManifest_Generation = YES;
				INFOPLIST_KEY_UIApplicationSupportsIndirectInputEvents = YES;
				INFOPLIST_KEY_UILaunchScreen_Generation = YES;
				INFOPLIST_KEY_UISupportedInterfaceOrientations_iPad = "UIInterfaceOrientationPortrait UIInterfaceOrientationPortraitUpsideDown UIInterfaceOrientationLandscapeLeft UIInterfaceOrientationLandscapeRight";
				INFOPLIST_KEY_UISupportedInterfaceOrientations_iPhone = "UIInterfaceOrientationPortrait UIInterfaceOrientationLandscapeLeft UIInterfaceOrientationLandscapeRight";
				LD_RUNPATH_SEARCH_PATHS = (
					"$(inherited)",
					"@executable_path/Frameworks",
				);
				MARKETING_VERSION = 1.0;
				PRODUCT_BUNDLE_IDENTIFIER = kwk.questionApp;
				PRODUCT_NAME = "$(TARGET_NAME)";
				SWIFT_EMIT_LOC_STRINGS = YES;
				SWIFT_VERSION = 5.0;
				TARGETED_DEVICE_FAMILY = "1,2";
			};
			name = Debug;
		};
		10BD96122C46E90D002CD2FA /* Release */ = {
			isa = XCBuildConfiguration;
			buildSettings = {
				ASSETCATALOG_COMPILER_APPICON_NAME = AppIcon;
				ASSETCATALOG_COMPILER_GLOBAL_ACCENT_COLOR_NAME = AccentColor;
				CODE_SIGN_STYLE = Automatic;
				CURRENT_PROJECT_VERSION = 1;
				DEVELOPMENT_ASSET_PATHS = "\"questionApp/Preview Content\"";
				ENABLE_PREVIEWS = YES;
				GENERATE_INFOPLIST_FILE = YES;
				INFOPLIST_KEY_UIApplicationSceneManifest_Generation = YES;
				INFOPLIST_KEY_UIApplicationSupportsIndirectInputEvents = YES;
				INFOPLIST_KEY_UILaunchScreen_Generation = YES;
				INFOPLIST_KEY_UISupportedInterfaceOrientations_iPad = "UIInterfaceOrientationPortrait UIInterfaceOrientationPortraitUpsideDown UIInterfaceOrientationLandscapeLeft UIInterfaceOrientationLandscapeRight";
				INFOPLIST_KEY_UISupportedInterfaceOrientations_iPhone = "UIInterfaceOrientationPortrait UIInterfaceOrientationLandscapeLeft UIInterfaceOrientationLandscapeRight";
				LD_RUNPATH_SEARCH_PATHS = (
					"$(inherited)",
					"@executable_path/Frameworks",
				);
				MARKETING_VERSION = 1.0;
				PRODUCT_BUNDLE_IDENTIFIER = kwk.questionApp;
				PRODUCT_NAME = "$(TARGET_NAME)";
				SWIFT_EMIT_LOC_STRINGS = YES;
				SWIFT_VERSION = 5.0;
				TARGETED_DEVICE_FAMILY = "1,2";
			};
			name = Release;
		};
		10BD96142C46E90D002CD2FA /* Debug */ = {
			isa = XCBuildConfiguration;
			buildSettings = {
				ALWAYS_EMBED_SWIFT_STANDARD_LIBRARIES = YES;
				BUNDLE_LOADER = "$(TEST_HOST)";
				CODE_SIGN_STYLE = Automatic;
				CURRENT_PROJECT_VERSION = 1;
				GENERATE_INFOPLIST_FILE = YES;
				IPHONEOS_DEPLOYMENT_TARGET = 17.5;
				MARKETING_VERSION = 1.0;
				PRODUCT_BUNDLE_IDENTIFIER = kwk.questionAppTests;
				PRODUCT_NAME = "$(TARGET_NAME)";
				SWIFT_EMIT_LOC_STRINGS = NO;
				SWIFT_VERSION = 5.0;
				TARGETED_DEVICE_FAMILY = "1,2";
				TEST_HOST = "$(BUILT_PRODUCTS_DIR)/questionApp.app/$(BUNDLE_EXECUTABLE_FOLDER_PATH)/questionApp";
			};
			name = Debug;
		};
		10BD96152C46E90D002CD2FA /* Release */ = {
			isa = XCBuildConfiguration;
			buildSettings = {
				ALWAYS_EMBED_SWIFT_STANDARD_LIBRARIES = YES;
				BUNDLE_LOADER = "$(TEST_HOST)";
				CODE_SIGN_STYLE = Automatic;
				CURRENT_PROJECT_VERSION = 1;
				GENERATE_INFOPLIST_FILE = YES;
				IPHONEOS_DEPLOYMENT_TARGET = 17.5;
				MARKETING_VERSION = 1.0;
				PRODUCT_BUNDLE_IDENTIFIER = kwk.questionAppTests;
				PRODUCT_NAME = "$(TARGET_NAME)";
				SWIFT_EMIT_LOC_STRINGS = NO;
				SWIFT_VERSION = 5.0;
				TARGETED_DEVICE_FAMILY = "1,2";
				TEST_HOST = "$(BUILT_PRODUCTS_DIR)/questionApp.app/$(BUNDLE_EXECUTABLE_FOLDER_PATH)/questionApp";
			};
			name = Release;
		};
		10BD96172C46E90D002CD2FA /* Debug */ = {
			isa = XCBuildConfiguration;
			buildSettings = {
				ALWAYS_EMBED_SWIFT_STANDARD_LIBRARIES = YES;
				CODE_SIGN_STYLE = Automatic;
				CURRENT_PROJECT_VERSION = 1;
				GENERATE_INFOPLIST_FILE = YES;
				MARKETING_VERSION = 1.0;
				PRODUCT_BUNDLE_IDENTIFIER = kwk.questionAppUITests;
				PRODUCT_NAME = "$(TARGET_NAME)";
				SWIFT_EMIT_LOC_STRINGS = NO;
				SWIFT_VERSION = 5.0;
				TARGETED_DEVICE_FAMILY = "1,2";
				TEST_TARGET_NAME = questionApp;
			};
			name = Debug;
		};
		10BD96182C46E90D002CD2FA /* Release */ = {
			isa = XCBuildConfiguration;
			buildSettings = {
				ALWAYS_EMBED_SWIFT_STANDARD_LIBRARIES = YES;
				CODE_SIGN_STYLE = Automatic;
				CURRENT_PROJECT_VERSION = 1;
				GENERATE_INFOPLIST_FILE = YES;
				MARKETING_VERSION = 1.0;
				PRODUCT_BUNDLE_IDENTIFIER = kwk.questionAppUITests;
				PRODUCT_NAME = "$(TARGET_NAME)";
				SWIFT_EMIT_LOC_STRINGS = NO;
				SWIFT_VERSION = 5.0;
				TARGETED_DEVICE_FAMILY = "1,2";
				TEST_TARGET_NAME = questionApp;
			};
			name = Release;
		};
/* End XCBuildConfiguration section */

/* Begin XCConfigurationList section */
		10BD95E72C46E908002CD2FA /* Build configuration list for PBXProject "questionApp" */ = {
			isa = XCConfigurationList;
			buildConfigurations = (
				10BD960E2C46E90D002CD2FA /* Debug */,
				10BD960F2C46E90D002CD2FA /* Release */,
			);
			defaultConfigurationIsVisible = 0;
			defaultConfigurationName = Release;
		};
		10BD96102C46E90D002CD2FA /* Build configuration list for PBXNativeTarget "questionApp" */ = {
			isa = XCConfigurationList;
			buildConfigurations = (
				10BD96112C46E90D002CD2FA /* Debug */,
				10BD96122C46E90D002CD2FA /* Release */,
			);
			defaultConfigurationIsVisible = 0;
			defaultConfigurationName = Release;
		};
		10BD96132C46E90D002CD2FA /* Build configuration list for PBXNativeTarget "questionAppTests" */ = {
			isa = XCConfigurationList;
			buildConfigurations = (
				10BD96142C46E90D002CD2FA /* Debug */,
				10BD96152C46E90D002CD2FA /* Release */,
			);
			defaultConfigurationIsVisible = 0;
			defaultConfigurationName = Release;
		};
		10BD96162C46E90D002CD2FA /* Build configuration list for PBXNativeTarget "questionAppUITests" */ = {
			isa = XCConfigurationList;
			buildConfigurations = (
				10BD96172C46E90D002CD2FA /* Debug */,
				10BD96182C46E90D002CD2FA /* Release */,
			);
			defaultConfigurationIsVisible = 0;
			defaultConfigurationName = Release;
		};
/* End XCConfigurationList section */
	};
	rootObject = 10BD95E42C46E908002CD2FA /* Project object */;
}
